
Microsoft Visual Studio Solution File, Format Version 12.00
# Visual Studio 2012
Project("{FAE04EC0-301F-11D3-BF4B-00C04F79EFBC}") = "wormsparty.github.io", "wormsparty.github.io\wormsparty.github.io.csproj", "{A2B5F55F-668B-402E-BB0B-0D5B0E7483CB}"
EndProject
Global
	GlobalSection(SolutionConfigurationPlatforms) = preSolution
		Debug|Any CPU = Debug|Any CPU
		Release|Any CPU = Release|Any CPU
	EndGlobalSection
	GlobalSection(ProjectConfigurationPlatforms) = postSolution
		{A2B5F55F-668B-402E-BB0B-0D5B0E7483CB}.Debug|Any CPU.ActiveCfg = Debug|Any CPU
		{A2B5F55F-668B-402E-BB0B-0D5B0E7483CB}.Debug|Any CPU.Build.0 = Debug|Any CPU
		{A2B5F55F-668B-402E-BB0B-0D5B0E7483CB}.Release|Any CPU.ActiveCfg = Release|Any CPU
		{A2B5F55F-668B-402E-BB0B-0D5B0E7483CB}.Release|Any CPU.Build.0 = Release|Any CPU
	EndGlobalSection
EndGlobal
